
Microsoft Visual Studio Solution File, Format Version 12.00
# Visual Studio Version 17
VisualStudioVersion = 17.8.34205.153
MinimumVisualStudioVersion = 10.0.40219.1
Project("{9A19103F-16F7-4668-BE54-9A1E7A4F7556}") = "AutoMarket.Server", "AutoMarket.Server\AutoMarket.Server.csproj", "{70B9CD9B-ECB6-43EB-BEE6-410506EB7817}"
EndProject
Project("{9A19103F-16F7-4668-BE54-9A1E7A4F7556}") = "AutoMarket.Server.Core", "AutoMarket.Server.Core\AutoMarket.Server.Core.csproj", "{0B2EDB9F-AD4F-461B-B040-35DA528483CD}"
EndProject
Project("{9A19103F-16F7-4668-BE54-9A1E7A4F7556}") = "AutoMarket.Server.Infrastructure", "AutoMarket.Server.Infrastructure\AutoMarket.Server.Infrastructure.csproj", "{92F35CF5-0274-42DB-911E-104A1994CF44}"
EndProject
Project("{FAE04EC0-301F-11D3-BF4B-00C04F79EFBC}") = "AutoMarket.Server.Shared", "AutoMarket.Server.Shared\AutoMarket.Server.Shared.csproj", "{BA8D3983-4111-45AC-A51C-D93503E3B527}"
EndProject
Global
	GlobalSection(SolutionConfigurationPlatforms) = preSolution
		Debug|Any CPU = Debug|Any CPU
		Release|Any CPU = Release|Any CPU
	EndGlobalSection
	GlobalSection(ProjectConfigurationPlatforms) = postSolution
		{70B9CD9B-ECB6-43EB-BEE6-410506EB7817}.Debug|Any CPU.ActiveCfg = Debug|Any CPU
		{70B9CD9B-ECB6-43EB-BEE6-410506EB7817}.Debug|Any CPU.Build.0 = Debug|Any CPU
		{70B9CD9B-ECB6-43EB-BEE6-410506EB7817}.Release|Any CPU.ActiveCfg = Release|Any CPU
		{70B9CD9B-ECB6-43EB-BEE6-410506EB7817}.Release|Any CPU.Build.0 = Release|Any CPU
		{0B2EDB9F-AD4F-461B-B040-35DA528483CD}.Debug|Any CPU.ActiveCfg = Debug|Any CPU
		{0B2EDB9F-AD4F-461B-B040-35DA528483CD}.Debug|Any CPU.Build.0 = Debug|Any CPU
		{0B2EDB9F-AD4F-461B-B040-35DA528483CD}.Release|Any CPU.ActiveCfg = Release|Any CPU
		{0B2EDB9F-AD4F-461B-B040-35DA528483CD}.Release|Any CPU.Build.0 = Release|Any CPU
		{92F35CF5-0274-42DB-911E-104A1994CF44}.Debug|Any CPU.ActiveCfg = Debug|Any CPU
		{92F35CF5-0274-42DB-911E-104A1994CF44}.Debug|Any CPU.Build.0 = Debug|Any CPU
		{92F35CF5-0274-42DB-911E-104A1994CF44}.Release|Any CPU.ActiveCfg = Release|Any CPU
		{92F35CF5-0274-42DB-911E-104A1994CF44}.Release|Any CPU.Build.0 = Release|Any CPU
		{BA8D3983-4111-45AC-A51C-D93503E3B527}.Debug|Any CPU.ActiveCfg = Debug|Any CPU
		{BA8D3983-4111-45AC-A51C-D93503E3B527}.Debug|Any CPU.Build.0 = Debug|Any CPU
		{BA8D3983-4111-45AC-A51C-D93503E3B527}.Release|Any CPU.ActiveCfg = Release|Any CPU
		{BA8D3983-4111-45AC-A51C-D93503E3B527}.Release|Any CPU.Build.0 = Release|Any CPU
	EndGlobalSection
	GlobalSection(SolutionProperties) = preSolution
		HideSolutionNode = FALSE
	EndGlobalSection
	GlobalSection(ExtensibilityGlobals) = postSolution
		SolutionGuid = {F7D843C8-0356-4CA3-89AF-98022464817D}
	EndGlobalSection
EndGlobal
